
Microsoft Visual Studio Solution File, Format Version 12.00
# Visual Studio Version 17
VisualStudioVersion = 17.1.32319.34
MinimumVisualStudioVersion = 10.0.40219.1
Project("{FAE04EC0-301F-11D3-BF4B-00C04F79EFBC}") = "EX28_09_KimuraHaduki", "EX28_09_KimuraHaduki\EX28_09_KimuraHaduki.csproj", "{91024696-55F0-45CB-9FF4-D4DAA4BE7DE6}"
EndProject
Global
	GlobalSection(SolutionConfigurationPlatforms) = preSolution
		Debug|Any CPU = Debug|Any CPU
		Release|Any CPU = Release|Any CPU
	EndGlobalSection
	GlobalSection(ProjectConfigurationPlatforms) = postSolution
		{91024696-55F0-45CB-9FF4-D4DAA4BE7DE6}.Debug|Any CPU.ActiveCfg = Debug|Any CPU
		{91024696-55F0-45CB-9FF4-D4DAA4BE7DE6}.Debug|Any CPU.Build.0 = Debug|Any CPU
		{91024696-55F0-45CB-9FF4-D4DAA4BE7DE6}.Release|Any CPU.ActiveCfg = Release|Any CPU
		{91024696-55F0-45CB-9FF4-D4DAA4BE7DE6}.Release|Any CPU.Build.0 = Release|Any CPU
	EndGlobalSection
	GlobalSection(SolutionProperties) = preSolution
		HideSolutionNode = FALSE
	EndGlobalSection
	GlobalSection(ExtensibilityGlobals) = postSolution
		SolutionGuid = {BDE674E3-31B0-4D13-A3D1-B7113B3FAD5D}
	EndGlobalSection
EndGlobal
